
Microsoft Visual Studio Solution File, Format Version 12.00
# Visual Studio Version 16
VisualStudioVersion = 16.0.29926.136
MinimumVisualStudioVersion = 10.0.40219.1
Project("{FAE04EC0-301F-11D3-BF4B-00C04F79EFBC}") = "Threeuple", "Threeuple\Threeuple.csproj", "{01F5F246-FEDE-416D-9E1B-24C485C01F6E}"
EndProject
Global
	GlobalSection(SolutionConfigurationPlatforms) = preSolution
		Debug|Any CPU = Debug|Any CPU
		Release|Any CPU = Release|Any CPU
	EndGlobalSection
	GlobalSection(ProjectConfigurationPlatforms) = postSolution
		{01F5F246-FEDE-416D-9E1B-24C485C01F6E}.Debug|Any CPU.ActiveCfg = Debug|Any CPU
		{01F5F246-FEDE-416D-9E1B-24C485C01F6E}.Debug|Any CPU.Build.0 = Debug|Any CPU
		{01F5F246-FEDE-416D-9E1B-24C485C01F6E}.Release|Any CPU.ActiveCfg = Release|Any CPU
		{01F5F246-FEDE-416D-9E1B-24C485C01F6E}.Release|Any CPU.Build.0 = Release|Any CPU
	EndGlobalSection
	GlobalSection(SolutionProperties) = preSolution
		HideSolutionNode = FALSE
	EndGlobalSection
	GlobalSection(ExtensibilityGlobals) = postSolution
		SolutionGuid = {73216F44-5892-4493-A50D-D0BF3DCC7F12}
	EndGlobalSection
EndGlobal
