
Microsoft Visual Studio Solution File, Format Version 12.00
# Visual Studio Version 16
VisualStudioVersion = 16.0.29926.136
MinimumVisualStudioVersion = 10.0.40219.1
Project("{FAE04EC0-301F-11D3-BF4B-00C04F79EFBC}") = "Rabbits", "Rabbits\Rabbits.csproj", "{1968813C-49D0-4CDB-AF70-F45873035566}"
EndProject
Global
	GlobalSection(SolutionConfigurationPlatforms) = preSolution
		Debug|Any CPU = Debug|Any CPU
		Release|Any CPU = Release|Any CPU
	EndGlobalSection
	GlobalSection(ProjectConfigurationPlatforms) = postSolution
		{1968813C-49D0-4CDB-AF70-F45873035566}.Debug|Any CPU.ActiveCfg = Debug|Any CPU
		{1968813C-49D0-4CDB-AF70-F45873035566}.Debug|Any CPU.Build.0 = Debug|Any CPU
		{1968813C-49D0-4CDB-AF70-F45873035566}.Release|Any CPU.ActiveCfg = Release|Any CPU
		{1968813C-49D0-4CDB-AF70-F45873035566}.Release|Any CPU.Build.0 = Release|Any CPU
	EndGlobalSection
	GlobalSection(SolutionProperties) = preSolution
		HideSolutionNode = FALSE
	EndGlobalSection
	GlobalSection(ExtensibilityGlobals) = postSolution
		SolutionGuid = {32C52C0E-13AB-4E41-9046-5C347B85F66C}
	EndGlobalSection
EndGlobal
