
Microsoft Visual Studio Solution File, Format Version 12.00
# Visual Studio Version 16
VisualStudioVersion = 16.0.29926.136
MinimumVisualStudioVersion = 10.0.40219.1
Project("{FAE04EC0-301F-11D3-BF4B-00C04F79EFBC}") = "DatingApp", "DatingApp\DatingApp.csproj", "{76E607CD-45CC-4057-B95B-B054EAEE93D4}"
EndProject
Global
	GlobalSection(SolutionConfigurationPlatforms) = preSolution
		Debug|Any CPU = Debug|Any CPU
		Release|Any CPU = Release|Any CPU
	EndGlobalSection
	GlobalSection(ProjectConfigurationPlatforms) = postSolution
		{76E607CD-45CC-4057-B95B-B054EAEE93D4}.Debug|Any CPU.ActiveCfg = Debug|Any CPU
		{76E607CD-45CC-4057-B95B-B054EAEE93D4}.Debug|Any CPU.Build.0 = Debug|Any CPU
		{76E607CD-45CC-4057-B95B-B054EAEE93D4}.Release|Any CPU.ActiveCfg = Release|Any CPU
		{76E607CD-45CC-4057-B95B-B054EAEE93D4}.Release|Any CPU.Build.0 = Release|Any CPU
	EndGlobalSection
	GlobalSection(SolutionProperties) = preSolution
		HideSolutionNode = FALSE
	EndGlobalSection
	GlobalSection(ExtensibilityGlobals) = postSolution
		SolutionGuid = {6ECA92F1-6A2D-48BD-AAC4-EAB7AB6F24CF}
	EndGlobalSection
EndGlobal
