
Microsoft Visual Studio Solution File, Format Version 12.00
# Visual Studio Version 16
VisualStudioVersion = 16.0.29926.136
MinimumVisualStudioVersion = 10.0.40219.1
Project("{FAE04EC0-301F-11D3-BF4B-00C04F79EFBC}") = "DefiningClasses", "DefiningClasses\DefiningClasses.csproj", "{15C9A428-E8C2-48D9-896C-0E30090E100F}"
EndProject
Global
	GlobalSection(SolutionConfigurationPlatforms) = preSolution
		Debug|Any CPU = Debug|Any CPU
		Release|Any CPU = Release|Any CPU
	EndGlobalSection
	GlobalSection(ProjectConfigurationPlatforms) = postSolution
		{15C9A428-E8C2-48D9-896C-0E30090E100F}.Debug|Any CPU.ActiveCfg = Debug|Any CPU
		{15C9A428-E8C2-48D9-896C-0E30090E100F}.Debug|Any CPU.Build.0 = Debug|Any CPU
		{15C9A428-E8C2-48D9-896C-0E30090E100F}.Release|Any CPU.ActiveCfg = Release|Any CPU
		{15C9A428-E8C2-48D9-896C-0E30090E100F}.Release|Any CPU.Build.0 = Release|Any CPU
	EndGlobalSection
	GlobalSection(SolutionProperties) = preSolution
		HideSolutionNode = FALSE
	EndGlobalSection
	GlobalSection(ExtensibilityGlobals) = postSolution
		SolutionGuid = {498F6C4B-7FEE-45F0-88DA-C62E5FD504A4}
	EndGlobalSection
EndGlobal
