
Microsoft Visual Studio Solution File, Format Version 12.00
# Visual Studio Version 16
VisualStudioVersion = 16.0.29926.136
MinimumVisualStudioVersion = 10.0.40219.1
Project("{FAE04EC0-301F-11D3-BF4B-00C04F79EFBC}") = "Car Constructors", "Car Constructors\Car Constructors.csproj", "{0F1DEE42-FE94-4595-B532-F099034ED5C2}"
EndProject
Global
	GlobalSection(SolutionConfigurationPlatforms) = preSolution
		Debug|Any CPU = Debug|Any CPU
		Release|Any CPU = Release|Any CPU
	EndGlobalSection
	GlobalSection(ProjectConfigurationPlatforms) = postSolution
		{0F1DEE42-FE94-4595-B532-F099034ED5C2}.Debug|Any CPU.ActiveCfg = Debug|Any CPU
		{0F1DEE42-FE94-4595-B532-F099034ED5C2}.Debug|Any CPU.Build.0 = Debug|Any CPU
		{0F1DEE42-FE94-4595-B532-F099034ED5C2}.Release|Any CPU.ActiveCfg = Release|Any CPU
		{0F1DEE42-FE94-4595-B532-F099034ED5C2}.Release|Any CPU.Build.0 = Release|Any CPU
	EndGlobalSection
	GlobalSection(SolutionProperties) = preSolution
		HideSolutionNode = FALSE
	EndGlobalSection
	GlobalSection(ExtensibilityGlobals) = postSolution
		SolutionGuid = {A63FB67E-6508-41E4-B780-82D9396AE990}
	EndGlobalSection
EndGlobal
