
Microsoft Visual Studio Solution File, Format Version 12.00
# Visual Studio Version 16
VisualStudioVersion = 16.0.29926.136
MinimumVisualStudioVersion = 10.0.40219.1
Project("{FAE04EC0-301F-11D3-BF4B-00C04F79EFBC}") = "TriFunction", "TriFunction\TriFunction.csproj", "{DF36833C-F507-416D-A42D-8F79DD42B6EE}"
EndProject
Global
	GlobalSection(SolutionConfigurationPlatforms) = preSolution
		Debug|Any CPU = Debug|Any CPU
		Release|Any CPU = Release|Any CPU
	EndGlobalSection
	GlobalSection(ProjectConfigurationPlatforms) = postSolution
		{DF36833C-F507-416D-A42D-8F79DD42B6EE}.Debug|Any CPU.ActiveCfg = Debug|Any CPU
		{DF36833C-F507-416D-A42D-8F79DD42B6EE}.Debug|Any CPU.Build.0 = Debug|Any CPU
		{DF36833C-F507-416D-A42D-8F79DD42B6EE}.Release|Any CPU.ActiveCfg = Release|Any CPU
		{DF36833C-F507-416D-A42D-8F79DD42B6EE}.Release|Any CPU.Build.0 = Release|Any CPU
	EndGlobalSection
	GlobalSection(SolutionProperties) = preSolution
		HideSolutionNode = FALSE
	EndGlobalSection
	GlobalSection(ExtensibilityGlobals) = postSolution
		SolutionGuid = {AB14C4D6-7F38-4D50-AECF-1F2575824F6E}
	EndGlobalSection
EndGlobal
