
Microsoft Visual Studio Solution File, Format Version 12.00
# Visual Studio Version 16
VisualStudioVersion = 16.0.29806.167
MinimumVisualStudioVersion = 10.0.40219.1
Project("{FAE04EC0-301F-11D3-BF4B-00C04F79EFBC}") = "Diagonal Difference", "Diagonal Difference\Diagonal Difference.csproj", "{A3282421-FEED-466F-B171-3699BF2A449C}"
EndProject
Global
	GlobalSection(SolutionConfigurationPlatforms) = preSolution
		Debug|Any CPU = Debug|Any CPU
		Release|Any CPU = Release|Any CPU
	EndGlobalSection
	GlobalSection(ProjectConfigurationPlatforms) = postSolution
		{A3282421-FEED-466F-B171-3699BF2A449C}.Debug|Any CPU.ActiveCfg = Debug|Any CPU
		{A3282421-FEED-466F-B171-3699BF2A449C}.Debug|Any CPU.Build.0 = Debug|Any CPU
		{A3282421-FEED-466F-B171-3699BF2A449C}.Release|Any CPU.ActiveCfg = Release|Any CPU
		{A3282421-FEED-466F-B171-3699BF2A449C}.Release|Any CPU.Build.0 = Release|Any CPU
	EndGlobalSection
	GlobalSection(SolutionProperties) = preSolution
		HideSolutionNode = FALSE
	EndGlobalSection
	GlobalSection(ExtensibilityGlobals) = postSolution
		SolutionGuid = {FD5335D5-14D5-4E3B-9AAF-2CA9A937740E}
	EndGlobalSection
EndGlobal
