
Microsoft Visual Studio Solution File, Format Version 12.00
# Visual Studio Version 16
VisualStudioVersion = 16.0.29806.167
MinimumVisualStudioVersion = 10.0.40219.1
Project("{FAE04EC0-301F-11D3-BF4B-00C04F79EFBC}") = "Action Point", "Action Point\Action Point.csproj", "{9102410B-0E2A-47CF-8B9A-BFCBB9BDB52B}"
EndProject
Global
	GlobalSection(SolutionConfigurationPlatforms) = preSolution
		Debug|Any CPU = Debug|Any CPU
		Release|Any CPU = Release|Any CPU
	EndGlobalSection
	GlobalSection(ProjectConfigurationPlatforms) = postSolution
		{9102410B-0E2A-47CF-8B9A-BFCBB9BDB52B}.Debug|Any CPU.ActiveCfg = Debug|Any CPU
		{9102410B-0E2A-47CF-8B9A-BFCBB9BDB52B}.Debug|Any CPU.Build.0 = Debug|Any CPU
		{9102410B-0E2A-47CF-8B9A-BFCBB9BDB52B}.Release|Any CPU.ActiveCfg = Release|Any CPU
		{9102410B-0E2A-47CF-8B9A-BFCBB9BDB52B}.Release|Any CPU.Build.0 = Release|Any CPU
	EndGlobalSection
	GlobalSection(SolutionProperties) = preSolution
		HideSolutionNode = FALSE
	EndGlobalSection
	GlobalSection(ExtensibilityGlobals) = postSolution
		SolutionGuid = {D032C154-EF78-4665-B117-F4EB88EC5EA6}
	EndGlobalSection
EndGlobal
