
Microsoft Visual Studio Solution File, Format Version 12.00
# Visual Studio Version 16
VisualStudioVersion = 16.0.29926.136
MinimumVisualStudioVersion = 10.0.40219.1
Project("{FAE04EC0-301F-11D3-BF4B-00C04F79EFBC}") = "GenericArrayCreator", "GenericArrayCreator\GenericArrayCreator.csproj", "{46DEDB0A-5FBD-49BD-8E5A-887CE4EDE45C}"
EndProject
Global
	GlobalSection(SolutionConfigurationPlatforms) = preSolution
		Debug|Any CPU = Debug|Any CPU
		Release|Any CPU = Release|Any CPU
	EndGlobalSection
	GlobalSection(ProjectConfigurationPlatforms) = postSolution
		{46DEDB0A-5FBD-49BD-8E5A-887CE4EDE45C}.Debug|Any CPU.ActiveCfg = Debug|Any CPU
		{46DEDB0A-5FBD-49BD-8E5A-887CE4EDE45C}.Debug|Any CPU.Build.0 = Debug|Any CPU
		{46DEDB0A-5FBD-49BD-8E5A-887CE4EDE45C}.Release|Any CPU.ActiveCfg = Release|Any CPU
		{46DEDB0A-5FBD-49BD-8E5A-887CE4EDE45C}.Release|Any CPU.Build.0 = Release|Any CPU
	EndGlobalSection
	GlobalSection(SolutionProperties) = preSolution
		HideSolutionNode = FALSE
	EndGlobalSection
	GlobalSection(ExtensibilityGlobals) = postSolution
		SolutionGuid = {57C1EE2C-9649-4776-A5DB-DACA09703235}
	EndGlobalSection
EndGlobal
